#
# This file is autogenerated by pip-compile with Python 3.12
# by the following command:
#
#    pip-compile --allow-unsafe --extra=dev --output-file=requirements.lock --strip-extras pyproject.toml
#
asgiref==3.11.1
    # via django
build==1.5.0
    # via pip-tools
cfgv==3.5.0
    # via pre-commit
click==8.4.1
    # via pip-tools
coverage==7.14.2
    # via hereditus-web (pyproject.toml)
distlib==0.4.3
    # via virtualenv
django==5.1
    # via
    #   django-polymorphic
    #   django-stubs
    #   django-stubs-ext
    #   hereditus-web (pyproject.toml)
django-environ==0.11.2
    # via hereditus-web (pyproject.toml)
django-polymorphic==3.1.0
    # via hereditus-web (pyproject.toml)
django-stubs==5.2.9
    # via hereditus-web (pyproject.toml)
django-stubs-ext==6.0.5
    # via django-stubs
execnet==2.1.2
    # via pytest-xdist
factory-boy==3.3.3
    # via hereditus-web (pyproject.toml)
faker==40.23.0
    # via factory-boy
filelock==3.29.4
    # via
    #   python-discovery
    #   virtualenv
greenlet==3.5.2
    # via playwright
hypothesis==6.155.6
    # via hereditus-web (pyproject.toml)
identify==2.6.19
    # via pre-commit
iniconfig==2.3.0
    # via pytest
librt==0.11.0
    # via mypy
mypy==1.19.1
    # via
    #   django-stubs
    #   hereditus-web (pyproject.toml)
mypy-extensions==1.1.0
    # via mypy
nodeenv==1.10.0
    # via pre-commit
numpy==1.26.0
    # via hereditus-web (pyproject.toml)
packaging==26.2
    # via
    #   build
    #   pytest
    #   wheel
pathspec==1.1.1
    # via mypy
pip-tools==7.5.3
    # via hereditus-web (pyproject.toml)
platformdirs==4.10.0
    # via
    #   python-discovery
    #   virtualenv
playwright==1.60.0
    # via hereditus-web (pyproject.toml)
pluggy==1.6.0
    # via pytest
pre-commit==4.6.0
    # via hereditus-web (pyproject.toml)
psycopg2-binary==2.9.9
    # via hereditus-web (pyproject.toml)
pyee==13.0.1
    # via playwright
pygments==2.20.0
    # via pytest
pyproject-hooks==1.2.0
    # via
    #   build
    #   pip-tools
pytest==8.4.2
    # via
    #   hereditus-web (pyproject.toml)
    #   pytest-django
    #   pytest-xdist
pytest-django==4.12.0
    # via hereditus-web (pyproject.toml)
pytest-xdist==3.8.0
    # via hereditus-web (pyproject.toml)
python-discovery==1.4.2
    # via virtualenv
pyyaml==6.0.3
    # via pre-commit
ruff==0.15.18
    # via hereditus-web (pyproject.toml)
sortedcontainers==2.4.0
    # via hypothesis
sqlparse==0.5.5
    # via django
types-pyyaml==6.0.12.20260518
    # via django-stubs
typing-extensions==4.15.0
    # via
    #   django-stubs
    #   django-stubs-ext
    #   mypy
    #   pyee
virtualenv==21.5.1
    # via pre-commit
wheel==0.47.0
    # via pip-tools

# The following packages are considered to be unsafe in a requirements file:
pip==26.1.2
    # via pip-tools
setuptools==81.0.0
    # via
    #   hereditus-web (pyproject.toml)
    #   pip-tools
